
Microsoft Visual Studio Solution File, Format Version 12.00
# Visual Studio Version 17
VisualStudioVersion = 17.0.32112.339
MinimumVisualStudioVersion = 10.0.40219.1
Project("{9A19103F-16F7-4668-BE54-9A1E7A4F7556}") = "WebApi", "WebApi\WebApi.csproj", "{BD3F3253-902A-4D5A-A6AC-2AEA59C1D9C5}"
EndProject
Project("{9092AA53-FB77-4645-B42D-1CCCA6BD08BD}") = "Dataverse.MDA.ClientExtensions", "Dataverse.MDA.ClientExtensions\Dataverse.MDA.ClientExtensions.njsproj", "{7A0D7F92-DBE2-4091-BE58-B0E6162320D2}"
EndProject
Global
	GlobalSection(SolutionConfigurationPlatforms) = preSolution
		Debug|Any CPU = Debug|Any CPU
		Release|Any CPU = Release|Any CPU
	EndGlobalSection
	GlobalSection(ProjectConfigurationPlatforms) = postSolution
		{BD3F3253-902A-4D5A-A6AC-2AEA59C1D9C5}.Debug|Any CPU.ActiveCfg = Debug|Any CPU
		{BD3F3253-902A-4D5A-A6AC-2AEA59C1D9C5}.Debug|Any CPU.Build.0 = Debug|Any CPU
		{BD3F3253-902A-4D5A-A6AC-2AEA59C1D9C5}.Release|Any CPU.ActiveCfg = Release|Any CPU
		{BD3F3253-902A-4D5A-A6AC-2AEA59C1D9C5}.Release|Any CPU.Build.0 = Release|Any CPU
		{7A0D7F92-DBE2-4091-BE58-B0E6162320D2}.Debug|Any CPU.ActiveCfg = Debug|Any CPU
		{7A0D7F92-DBE2-4091-BE58-B0E6162320D2}.Debug|Any CPU.Build.0 = Debug|Any CPU
		{7A0D7F92-DBE2-4091-BE58-B0E6162320D2}.Release|Any CPU.ActiveCfg = Release|Any CPU
		{7A0D7F92-DBE2-4091-BE58-B0E6162320D2}.Release|Any CPU.Build.0 = Release|Any CPU
	EndGlobalSection
	GlobalSection(SolutionProperties) = preSolution
		HideSolutionNode = FALSE
	EndGlobalSection
	GlobalSection(ExtensibilityGlobals) = postSolution
		SolutionGuid = {78F65033-394D-4C37-870C-7758F58623FA}
	EndGlobalSection
EndGlobal
